
Microsoft Visual Studio Solution File, Format Version 12.00
# Visual Studio 14
VisualStudioVersion = 14.0.25420.1
MinimumVisualStudioVersion = 10.0.40219.1
Project("{FAE04EC0-301F-11D3-BF4B-00C04F79EFBC}") = "miLibreria", "menu\miLibreria.csproj", "{F826C92B-9F56-40C2-AC3E-71D985A0F7E4}"
EndProject
Project("{FAE04EC0-301F-11D3-BF4B-00C04F79EFBC}") = "conversorExcel", "conversorExcel\conversorExcel.csproj", "{1F772997-CA86-4BB9-B4A6-8A377E599151}"
EndProject
Global
	GlobalSection(SolutionConfigurationPlatforms) = preSolution
		Debug|Any CPU = Debug|Any CPU
		Release|Any CPU = Release|Any CPU
	EndGlobalSection
	GlobalSection(ProjectConfigurationPlatforms) = postSolution
		{F826C92B-9F56-40C2-AC3E-71D985A0F7E4}.Debug|Any CPU.ActiveCfg = Debug|Any CPU
		{F826C92B-9F56-40C2-AC3E-71D985A0F7E4}.Debug|Any CPU.Build.0 = Debug|Any CPU
		{F826C92B-9F56-40C2-AC3E-71D985A0F7E4}.Release|Any CPU.ActiveCfg = Release|Any CPU
		{F826C92B-9F56-40C2-AC3E-71D985A0F7E4}.Release|Any CPU.Build.0 = Release|Any CPU
		{1F772997-CA86-4BB9-B4A6-8A377E599151}.Debug|Any CPU.ActiveCfg = Debug|Any CPU
		{1F772997-CA86-4BB9-B4A6-8A377E599151}.Debug|Any CPU.Build.0 = Debug|Any CPU
		{1F772997-CA86-4BB9-B4A6-8A377E599151}.Release|Any CPU.ActiveCfg = Release|Any CPU
		{1F772997-CA86-4BB9-B4A6-8A377E599151}.Release|Any CPU.Build.0 = Release|Any CPU
	EndGlobalSection
	GlobalSection(SolutionProperties) = preSolution
		HideSolutionNode = FALSE
	EndGlobalSection
EndGlobal
